
Microsoft Visual Studio Solution File, Format Version 12.00
# Visual Studio Version 16
VisualStudioVersion = 16.0.31729.503
MinimumVisualStudioVersion = 10.0.40219.1
Project("{8BC9CEB8-8B4A-11D0-8D11-00A0C91BC942}") = "wolfEngine", "wolfEngine.vcxproj", "{48D69E5F-6961-4FB2-B5DB-31E2BFECC0AA}"
EndProject
Project("{8BC9CEB8-8B4A-11D0-8D11-00A0C91BC942}") = "test", "test.vcxproj", "{341F4644-F72C-45ED-87D8-A072327A5B0F}"
	ProjectSection(ProjectDependencies) = postProject
		{48D69E5F-6961-4FB2-B5DB-31E2BFECC0AA} = {48D69E5F-6961-4FB2-B5DB-31E2BFECC0AA}
	EndProjectSection
EndProject
Global
	GlobalSection(SolutionConfigurationPlatforms) = preSolution
		Debug FIPS 140-2|x64 = Debug FIPS 140-2|x64
		Debug FIPS 140-2|x86 = Debug FIPS 140-2|x86
		Debug FIPS Ready|x64 = Debug FIPS Ready|x64
		Debug FIPS Ready|x86 = Debug FIPS Ready|x86
		Debug Non-FIPS|x64 = Debug Non-FIPS|x64
		Debug Non-FIPS|x86 = Debug Non-FIPS|x86
		DLL Debug FIPS 140-2|x64 = DLL Debug FIPS 140-2|x64
		DLL Debug FIPS 140-2|x86 = DLL Debug FIPS 140-2|x86
		DLL Debug FIPS Ready|x64 = DLL Debug FIPS Ready|x64
		DLL Debug FIPS Ready|x86 = DLL Debug FIPS Ready|x86
		DLL Debug Non-FIPS|x64 = DLL Debug Non-FIPS|x64
		DLL Debug Non-FIPS|x86 = DLL Debug Non-FIPS|x86
		DLL Release FIPS 140-2|x64 = DLL Release FIPS 140-2|x64
		DLL Release FIPS 140-2|x86 = DLL Release FIPS 140-2|x86
		DLL Release FIPS Ready|x64 = DLL Release FIPS Ready|x64
		DLL Release FIPS Ready|x86 = DLL Release FIPS Ready|x86
		DLL Release Non-FIPS|x64 = DLL Release Non-FIPS|x64
		DLL Release Non-FIPS|x86 = DLL Release Non-FIPS|x86
		Release FIPS 140-2|x64 = Release FIPS 140-2|x64
		Release FIPS 140-2|x86 = Release FIPS 140-2|x86
		Release FIPS Ready|x64 = Release FIPS Ready|x64
		Release FIPS Ready|x86 = Release FIPS Ready|x86
		Release Non-FIPS|x64 = Release Non-FIPS|x64
		Release Non-FIPS|x86 = Release Non-FIPS|x86
	EndGlobalSection
	GlobalSection(ProjectConfigurationPlatforms) = postSolution
		{48D69E5F-6961-4FB2-B5DB-31E2BFECC0AA}.Debug FIPS 140-2|x64.ActiveCfg = Debug FIPS 140-2|x64
		{48D69E5F-6961-4FB2-B5DB-31E2BFECC0AA}.Debug FIPS 140-2|x64.Build.0 = Debug FIPS 140-2|x64
		{48D69E5F-6961-4FB2-B5DB-31E2BFECC0AA}.Debug FIPS 140-2|x86.ActiveCfg = Debug FIPS 140-2|Win32
		{48D69E5F-6961-4FB2-B5DB-31E2BFECC0AA}.Debug FIPS 140-2|x86.Build.0 = Debug FIPS 140-2|Win32
		{48D69E5F-6961-4FB2-B5DB-31E2BFECC0AA}.Debug FIPS Ready|x64.ActiveCfg = Debug FIPS Ready|x64
		{48D69E5F-6961-4FB2-B5DB-31E2BFECC0AA}.Debug FIPS Ready|x64.Build.0 = Debug FIPS Ready|x64
		{48D69E5F-6961-4FB2-B5DB-31E2BFECC0AA}.Debug FIPS Ready|x86.ActiveCfg = Debug FIPS Ready|Win32
		{48D69E5F-6961-4FB2-B5DB-31E2BFECC0AA}.Debug FIPS Ready|x86.Build.0 = Debug FIPS Ready|Win32
		{48D69E5F-6961-4FB2-B5DB-31E2BFECC0AA}.Debug Non-FIPS|x64.ActiveCfg = Debug Non-FIPS|x64
		{48D69E5F-6961-4FB2-B5DB-31E2BFECC0AA}.Debug Non-FIPS|x64.Build.0 = Debug Non-FIPS|x64
		{48D69E5F-6961-4FB2-B5DB-31E2BFECC0AA}.Debug Non-FIPS|x86.ActiveCfg = Debug Non-FIPS|Win32
		{48D69E5F-6961-4FB2-B5DB-31E2BFECC0AA}.Debug Non-FIPS|x86.Build.0 = Debug Non-FIPS|Win32
		{48D69E5F-6961-4FB2-B5DB-31E2BFECC0AA}.DLL Debug FIPS 140-2|x64.ActiveCfg = DLL Debug FIPS 140-2|x64
		{48D69E5F-6961-4FB2-B5DB-31E2BFECC0AA}.DLL Debug FIPS 140-2|x64.Build.0 = DLL Debug FIPS 140-2|x64
		{48D69E5F-6961-4FB2-B5DB-31E2BFECC0AA}.DLL Debug FIPS 140-2|x86.ActiveCfg = DLL Debug FIPS 140-2|Win32
		{48D69E5F-6961-4FB2-B5DB-31E2BFECC0AA}.DLL Debug FIPS 140-2|x86.Build.0 = DLL Debug FIPS 140-2|Win32
		{48D69E5F-6961-4FB2-B5DB-31E2BFECC0AA}.DLL Debug FIPS Ready|x64.ActiveCfg = DLL Debug FIPS Ready|x64
		{48D69E5F-6961-4FB2-B5DB-31E2BFECC0AA}.DLL Debug FIPS Ready|x64.Build.0 = DLL Debug FIPS Ready|x64
		{48D69E5F-6961-4FB2-B5DB-31E2BFECC0AA}.DLL Debug FIPS Ready|x86.ActiveCfg = DLL Debug FIPS Ready|Win32
		{48D69E5F-6961-4FB2-B5DB-31E2BFECC0AA}.DLL Debug FIPS Ready|x86.Build.0 = DLL Debug FIPS Ready|Win32
		{48D69E5F-6961-4FB2-B5DB-31E2BFECC0AA}.DLL Debug Non-FIPS|x64.ActiveCfg = DLL Debug Non-FIPS|x64
		{48D69E5F-6961-4FB2-B5DB-31E2BFECC0AA}.DLL Debug Non-FIPS|x64.Build.0 = DLL Debug Non-FIPS|x64
		{48D69E5F-6961-4FB2-B5DB-31E2BFECC0AA}.DLL Debug Non-FIPS|x86.ActiveCfg = DLL Debug Non-FIPS|Win32
		{48D69E5F-6961-4FB2-B5DB-31E2BFECC0AA}.DLL Debug Non-FIPS|x86.Build.0 = DLL Debug Non-FIPS|Win32
		{48D69E5F-6961-4FB2-B5DB-31E2BFECC0AA}.DLL Release FIPS 140-2|x64.ActiveCfg = DLL Release FIPS 140-2|x64
		{48D69E5F-6961-4FB2-B5DB-31E2BFECC0AA}.DLL Release FIPS 140-2|x64.Build.0 = DLL Release FIPS 140-2|x64
		{48D69E5F-6961-4FB2-B5DB-31E2BFECC0AA}.DLL Release FIPS 140-2|x86.ActiveCfg = DLL Release FIPS 140-2|Win32
		{48D69E5F-6961-4FB2-B5DB-31E2BFECC0AA}.DLL Release FIPS 140-2|x86.Build.0 = DLL Release FIPS 140-2|Win32
		{48D69E5F-6961-4FB2-B5DB-31E2BFECC0AA}.DLL Release FIPS Ready|x64.ActiveCfg = DLL Release FIPS Ready|x64
		{48D69E5F-6961-4FB2-B5DB-31E2BFECC0AA}.DLL Release FIPS Ready|x64.Build.0 = DLL Release FIPS Ready|x64
		{48D69E5F-6961-4FB2-B5DB-31E2BFECC0AA}.DLL Release FIPS Ready|x86.ActiveCfg = DLL Release FIPS Ready|Win32
		{48D69E5F-6961-4FB2-B5DB-31E2BFECC0AA}.DLL Release FIPS Ready|x86.Build.0 = DLL Release FIPS Ready|Win32
		{48D69E5F-6961-4FB2-B5DB-31E2BFECC0AA}.DLL Release Non-FIPS|x64.ActiveCfg = DLL Release Non-FIPS|x64
		{48D69E5F-6961-4FB2-B5DB-31E2BFECC0AA}.DLL Release Non-FIPS|x64.Build.0 = DLL Release Non-FIPS|x64
		{48D69E5F-6961-4FB2-B5DB-31E2BFECC0AA}.DLL Release Non-FIPS|x86.ActiveCfg = DLL Release Non-FIPS|Win32
		{48D69E5F-6961-4FB2-B5DB-31E2BFECC0AA}.DLL Release Non-FIPS|x86.Build.0 = DLL Release Non-FIPS|Win32
		{48D69E5F-6961-4FB2-B5DB-31E2BFECC0AA}.Release FIPS 140-2|x64.ActiveCfg = Release FIPS 140-2|x64
		{48D69E5F-6961-4FB2-B5DB-31E2BFECC0AA}.Release FIPS 140-2|x64.Build.0 = Release FIPS 140-2|x64
		{48D69E5F-6961-4FB2-B5DB-31E2BFECC0AA}.Release FIPS 140-2|x86.ActiveCfg = Release FIPS 140-2|Win32
		{48D69E5F-6961-4FB2-B5DB-31E2BFECC0AA}.Release FIPS 140-2|x86.Build.0 = Release FIPS 140-2|Win32
		{48D69E5F-6961-4FB2-B5DB-31E2BFECC0AA}.Release FIPS Ready|x64.ActiveCfg = Release FIPS Ready|x64
		{48D69E5F-6961-4FB2-B5DB-31E2BFECC0AA}.Release FIPS Ready|x64.Build.0 = Release FIPS Ready|x64
		{48D69E5F-6961-4FB2-B5DB-31E2BFECC0AA}.Release FIPS Ready|x86.ActiveCfg = Release FIPS Ready|Win32
		{48D69E5F-6961-4FB2-B5DB-31E2BFECC0AA}.Release FIPS Ready|x86.Build.0 = Release FIPS Ready|Win32
		{48D69E5F-6961-4FB2-B5DB-31E2BFECC0AA}.Release Non-FIPS|x64.ActiveCfg = Release Non-FIPS|x64
		{48D69E5F-6961-4FB2-B5DB-31E2BFECC0AA}.Release Non-FIPS|x64.Build.0 = Release Non-FIPS|x64
		{48D69E5F-6961-4FB2-B5DB-31E2BFECC0AA}.Release Non-FIPS|x86.ActiveCfg = Release Non-FIPS|Win32
		{48D69E5F-6961-4FB2-B5DB-31E2BFECC0AA}.Release Non-FIPS|x86.Build.0 = Release Non-FIPS|Win32
		{341F4644-F72C-45ED-87D8-A072327A5B0F}.Debug FIPS 140-2|x64.ActiveCfg = Debug FIPS 140-2|x64
		{341F4644-F72C-45ED-87D8-A072327A5B0F}.Debug FIPS 140-2|x64.Build.0 = Debug FIPS 140-2|x64
		{341F4644-F72C-45ED-87D8-A072327A5B0F}.Debug FIPS 140-2|x86.ActiveCfg = Debug FIPS 140-2|Win32
		{341F4644-F72C-45ED-87D8-A072327A5B0F}.Debug FIPS 140-2|x86.Build.0 = Debug FIPS 140-2|Win32
		{341F4644-F72C-45ED-87D8-A072327A5B0F}.Debug FIPS Ready|x64.ActiveCfg = Debug FIPS Ready|x64
		{341F4644-F72C-45ED-87D8-A072327A5B0F}.Debug FIPS Ready|x64.Build.0 = Debug FIPS Ready|x64
		{341F4644-F72C-45ED-87D8-A072327A5B0F}.Debug FIPS Ready|x86.ActiveCfg = Debug FIPS Ready|Win32
		{341F4644-F72C-45ED-87D8-A072327A5B0F}.Debug FIPS Ready|x86.Build.0 = Debug FIPS Ready|Win32
		{341F4644-F72C-45ED-87D8-A072327A5B0F}.Debug Non-FIPS|x64.ActiveCfg = Debug Non-FIPS|x64
		{341F4644-F72C-45ED-87D8-A072327A5B0F}.Debug Non-FIPS|x64.Build.0 = Debug Non-FIPS|x64
		{341F4644-F72C-45ED-87D8-A072327A5B0F}.Debug Non-FIPS|x86.ActiveCfg = Debug Non-FIPS|Win32
		{341F4644-F72C-45ED-87D8-A072327A5B0F}.Debug Non-FIPS|x86.Build.0 = Debug Non-FIPS|Win32
		{341F4644-F72C-45ED-87D8-A072327A5B0F}.DLL Debug FIPS 140-2|x64.ActiveCfg = DLL Debug FIPS 140-2|x64
		{341F4644-F72C-45ED-87D8-A072327A5B0F}.DLL Debug FIPS 140-2|x64.Build.0 = DLL Debug FIPS 140-2|x64
		{341F4644-F72C-45ED-87D8-A072327A5B0F}.DLL Debug FIPS 140-2|x86.ActiveCfg = DLL Debug FIPS 140-2|Win32
		{341F4644-F72C-45ED-87D8-A072327A5B0F}.DLL Debug FIPS 140-2|x86.Build.0 = DLL Debug FIPS 140-2|Win32
		{341F4644-F72C-45ED-87D8-A072327A5B0F}.DLL Debug FIPS Ready|x64.ActiveCfg = DLL Debug FIPS Ready|x64
		{341F4644-F72C-45ED-87D8-A072327A5B0F}.DLL Debug FIPS Ready|x64.Build.0 = DLL Debug FIPS Ready|x64
		{341F4644-F72C-45ED-87D8-A072327A5B0F}.DLL Debug FIPS Ready|x86.ActiveCfg = DLL Debug FIPS Ready|Win32
		{341F4644-F72C-45ED-87D8-A072327A5B0F}.DLL Debug FIPS Ready|x86.Build.0 = DLL Debug FIPS Ready|Win32
		{341F4644-F72C-45ED-87D8-A072327A5B0F}.DLL Debug Non-FIPS|x64.ActiveCfg = DLL Debug Non-FIPS|x64
		{341F4644-F72C-45ED-87D8-A072327A5B0F}.DLL Debug Non-FIPS|x64.Build.0 = DLL Debug Non-FIPS|x64
		{341F4644-F72C-45ED-87D8-A072327A5B0F}.DLL Debug Non-FIPS|x86.ActiveCfg = DLL Debug Non-FIPS|Win32
		{341F4644-F72C-45ED-87D8-A072327A5B0F}.DLL Debug Non-FIPS|x86.Build.0 = DLL Debug Non-FIPS|Win32
		{341F4644-F72C-45ED-87D8-A072327A5B0F}.DLL Release FIPS 140-2|x64.ActiveCfg = DLL Release FIPS 140-2|x64
		{341F4644-F72C-45ED-87D8-A072327A5B0F}.DLL Release FIPS 140-2|x64.Build.0 = DLL Release FIPS 140-2|x64
		{341F4644-F72C-45ED-87D8-A072327A5B0F}.DLL Release FIPS 140-2|x86.ActiveCfg = DLL Release FIPS 140-2|Win32
		{341F4644-F72C-45ED-87D8-A072327A5B0F}.DLL Release FIPS 140-2|x86.Build.0 = DLL Release FIPS 140-2|Win32
		{341F4644-F72C-45ED-87D8-A072327A5B0F}.DLL Release FIPS Ready|x64.ActiveCfg = DLL Release FIPS Ready|x64
		{341F4644-F72C-45ED-87D8-A072327A5B0F}.DLL Release FIPS Ready|x64.Build.0 = DLL Release FIPS Ready|x64
		{341F4644-F72C-45ED-87D8-A072327A5B0F}.DLL Release FIPS Ready|x86.ActiveCfg = DLL Release FIPS Ready|Win32
		{341F4644-F72C-45ED-87D8-A072327A5B0F}.DLL Release FIPS Ready|x86.Build.0 = DLL Release FIPS Ready|Win32
		{341F4644-F72C-45ED-87D8-A072327A5B0F}.DLL Release Non-FIPS|x64.ActiveCfg = DLL Release Non-FIPS|x64
		{341F4644-F72C-45ED-87D8-A072327A5B0F}.DLL Release Non-FIPS|x64.Build.0 = DLL Release Non-FIPS|x64
		{341F4644-F72C-45ED-87D8-A072327A5B0F}.DLL Release Non-FIPS|x86.ActiveCfg = DLL Release Non-FIPS|Win32
		{341F4644-F72C-45ED-87D8-A072327A5B0F}.DLL Release Non-FIPS|x86.Build.0 = DLL Release Non-FIPS|Win32
		{341F4644-F72C-45ED-87D8-A072327A5B0F}.Release FIPS 140-2|x64.ActiveCfg = Release FIPS 140-2|x64
		{341F4644-F72C-45ED-87D8-A072327A5B0F}.Release FIPS 140-2|x64.Build.0 = Release FIPS 140-2|x64
		{341F4644-F72C-45ED-87D8-A072327A5B0F}.Release FIPS 140-2|x86.ActiveCfg = Release FIPS 140-2|Win32
		{341F4644-F72C-45ED-87D8-A072327A5B0F}.Release FIPS 140-2|x86.Build.0 = Release FIPS 140-2|Win32
		{341F4644-F72C-45ED-87D8-A072327A5B0F}.Release FIPS Ready|x64.ActiveCfg = Release FIPS Ready|x64
		{341F4644-F72C-45ED-87D8-A072327A5B0F}.Release FIPS Ready|x64.Build.0 = Release FIPS Ready|x64
		{341F4644-F72C-45ED-87D8-A072327A5B0F}.Release FIPS Ready|x86.ActiveCfg = Release FIPS Ready|Win32
		{341F4644-F72C-45ED-87D8-A072327A5B0F}.Release FIPS Ready|x86.Build.0 = Release FIPS Ready|Win32
		{341F4644-F72C-45ED-87D8-A072327A5B0F}.Release Non-FIPS|x64.ActiveCfg = Release Non-FIPS|x64
		{341F4644-F72C-45ED-87D8-A072327A5B0F}.Release Non-FIPS|x64.Build.0 = Release Non-FIPS|x64
		{341F4644-F72C-45ED-87D8-A072327A5B0F}.Release Non-FIPS|x86.ActiveCfg = Release Non-FIPS|Win32
		{341F4644-F72C-45ED-87D8-A072327A5B0F}.Release Non-FIPS|x86.Build.0 = Release Non-FIPS|Win32
	EndGlobalSection
	GlobalSection(SolutionProperties) = preSolution
		HideSolutionNode = FALSE
	EndGlobalSection
	GlobalSection(ExtensibilityGlobals) = postSolution
		SolutionGuid = {DF91C259-CA14-432B-B4D3-2BA31CEDEC8D}
	EndGlobalSection
EndGlobal
