
Microsoft Visual Studio Solution File, Format Version 12.00
# Visual Studio Version 16
VisualStudioVersion = 16.0.32126.315
MinimumVisualStudioVersion = 10.0.40219.1
Project("{8BC9CEB8-8B4A-11D0-8D11-00A0C91BC942}") = "wolfEngine", "wolfEngine.vcxproj", "{55D84E24-ED0A-4A27-AA4E-F55180CC09E4}"
EndProject
Project("{8BC9CEB8-8B4A-11D0-8D11-00A0C91BC942}") = "test", "test.vcxproj", "{02EE71CA-892B-479F-BC80-1641A81BF74E}"
	ProjectSection(ProjectDependencies) = postProject
		{55D84E24-ED0A-4A27-AA4E-F55180CC09E4} = {55D84E24-ED0A-4A27-AA4E-F55180CC09E4}
	EndProjectSection
EndProject
Global
	GlobalSection(SolutionConfigurationPlatforms) = preSolution
		Debug FIPS 140-2|x64 = Debug FIPS 140-2|x64
		Debug FIPS 140-2|x86 = Debug FIPS 140-2|x86
		Debug FIPS Ready|x64 = Debug FIPS Ready|x64
		Debug FIPS Ready|x86 = Debug FIPS Ready|x86
		Debug Non-FIPS|x64 = Debug Non-FIPS|x64
		Debug Non-FIPS|x86 = Debug Non-FIPS|x86
		DLL Debug FIPS 140-2|x64 = DLL Debug FIPS 140-2|x64
		DLL Debug FIPS 140-2|x86 = DLL Debug FIPS 140-2|x86
		DLL Debug FIPS Ready|x64 = DLL Debug FIPS Ready|x64
		DLL Debug FIPS Ready|x86 = DLL Debug FIPS Ready|x86
		DLL Debug Non-FIPS|x64 = DLL Debug Non-FIPS|x64
		DLL Debug Non-FIPS|x86 = DLL Debug Non-FIPS|x86
		DLL Release FIPS 140-2|x64 = DLL Release FIPS 140-2|x64
		DLL Release FIPS 140-2|x86 = DLL Release FIPS 140-2|x86
		DLL Release FIPS Ready|x64 = DLL Release FIPS Ready|x64
		DLL Release FIPS Ready|x86 = DLL Release FIPS Ready|x86
		DLL Release Non-FIPS|x64 = DLL Release Non-FIPS|x64
		DLL Release Non-FIPS|x86 = DLL Release Non-FIPS|x86
		Release FIPS 140-2|x64 = Release FIPS 140-2|x64
		Release FIPS 140-2|x86 = Release FIPS 140-2|x86
		Release FIPS Ready|x64 = Release FIPS Ready|x64
		Release FIPS Ready|x86 = Release FIPS Ready|x86
		Release Non-FIPS|x64 = Release Non-FIPS|x64
		Release Non-FIPS|x86 = Release Non-FIPS|x86
	EndGlobalSection
	GlobalSection(ProjectConfigurationPlatforms) = postSolution
		{55D84E24-ED0A-4A27-AA4E-F55180CC09E4}.Debug FIPS 140-2|x64.ActiveCfg = Debug FIPS 140-2|x64
		{55D84E24-ED0A-4A27-AA4E-F55180CC09E4}.Debug FIPS 140-2|x64.Build.0 = Debug FIPS 140-2|x64
		{55D84E24-ED0A-4A27-AA4E-F55180CC09E4}.Debug FIPS 140-2|x86.ActiveCfg = Debug FIPS 140-2|Win32
		{55D84E24-ED0A-4A27-AA4E-F55180CC09E4}.Debug FIPS 140-2|x86.Build.0 = Debug FIPS 140-2|Win32
		{55D84E24-ED0A-4A27-AA4E-F55180CC09E4}.Debug FIPS Ready|x64.ActiveCfg = Debug FIPS Ready|x64
		{55D84E24-ED0A-4A27-AA4E-F55180CC09E4}.Debug FIPS Ready|x64.Build.0 = Debug FIPS Ready|x64
		{55D84E24-ED0A-4A27-AA4E-F55180CC09E4}.Debug FIPS Ready|x86.ActiveCfg = Debug FIPS Ready|Win32
		{55D84E24-ED0A-4A27-AA4E-F55180CC09E4}.Debug FIPS Ready|x86.Build.0 = Debug FIPS Ready|Win32
		{55D84E24-ED0A-4A27-AA4E-F55180CC09E4}.Debug Non-FIPS|x64.ActiveCfg = Debug Non-FIPS|x64
		{55D84E24-ED0A-4A27-AA4E-F55180CC09E4}.Debug Non-FIPS|x64.Build.0 = Debug Non-FIPS|x64
		{55D84E24-ED0A-4A27-AA4E-F55180CC09E4}.Debug Non-FIPS|x86.ActiveCfg = Debug Non-FIPS|Win32
		{55D84E24-ED0A-4A27-AA4E-F55180CC09E4}.Debug Non-FIPS|x86.Build.0 = Debug Non-FIPS|Win32
		{55D84E24-ED0A-4A27-AA4E-F55180CC09E4}.DLL Debug FIPS 140-2|x64.ActiveCfg = DLL Debug FIPS 140-2|x64
		{55D84E24-ED0A-4A27-AA4E-F55180CC09E4}.DLL Debug FIPS 140-2|x64.Build.0 = DLL Debug FIPS 140-2|x64
		{55D84E24-ED0A-4A27-AA4E-F55180CC09E4}.DLL Debug FIPS 140-2|x86.ActiveCfg = DLL Debug FIPS 140-2|Win32
		{55D84E24-ED0A-4A27-AA4E-F55180CC09E4}.DLL Debug FIPS 140-2|x86.Build.0 = DLL Debug FIPS 140-2|Win32
		{55D84E24-ED0A-4A27-AA4E-F55180CC09E4}.DLL Debug FIPS Ready|x64.ActiveCfg = DLL Debug FIPS Ready|x64
		{55D84E24-ED0A-4A27-AA4E-F55180CC09E4}.DLL Debug FIPS Ready|x64.Build.0 = DLL Debug FIPS Ready|x64
		{55D84E24-ED0A-4A27-AA4E-F55180CC09E4}.DLL Debug FIPS Ready|x86.ActiveCfg = DLL Debug FIPS Ready|Win32
		{55D84E24-ED0A-4A27-AA4E-F55180CC09E4}.DLL Debug FIPS Ready|x86.Build.0 = DLL Debug FIPS Ready|Win32
		{55D84E24-ED0A-4A27-AA4E-F55180CC09E4}.DLL Debug Non-FIPS|x64.ActiveCfg = DLL Debug Non-FIPS|x64
		{55D84E24-ED0A-4A27-AA4E-F55180CC09E4}.DLL Debug Non-FIPS|x64.Build.0 = DLL Debug Non-FIPS|x64
		{55D84E24-ED0A-4A27-AA4E-F55180CC09E4}.DLL Debug Non-FIPS|x86.ActiveCfg = DLL Debug Non-FIPS|Win32
		{55D84E24-ED0A-4A27-AA4E-F55180CC09E4}.DLL Debug Non-FIPS|x86.Build.0 = DLL Debug Non-FIPS|Win32
		{55D84E24-ED0A-4A27-AA4E-F55180CC09E4}.DLL Release FIPS 140-2|x64.ActiveCfg = DLL Release FIPS 140-2|x64
		{55D84E24-ED0A-4A27-AA4E-F55180CC09E4}.DLL Release FIPS 140-2|x64.Build.0 = DLL Release FIPS 140-2|x64
		{55D84E24-ED0A-4A27-AA4E-F55180CC09E4}.DLL Release FIPS 140-2|x86.ActiveCfg = DLL Release FIPS 140-2|Win32
		{55D84E24-ED0A-4A27-AA4E-F55180CC09E4}.DLL Release FIPS 140-2|x86.Build.0 = DLL Release FIPS 140-2|Win32
		{55D84E24-ED0A-4A27-AA4E-F55180CC09E4}.DLL Release FIPS Ready|x64.ActiveCfg = DLL Release FIPS Ready|x64
		{55D84E24-ED0A-4A27-AA4E-F55180CC09E4}.DLL Release FIPS Ready|x64.Build.0 = DLL Release FIPS Ready|x64
		{55D84E24-ED0A-4A27-AA4E-F55180CC09E4}.DLL Release FIPS Ready|x86.ActiveCfg = DLL Release FIPS Ready|Win32
		{55D84E24-ED0A-4A27-AA4E-F55180CC09E4}.DLL Release FIPS Ready|x86.Build.0 = DLL Release FIPS Ready|Win32
		{55D84E24-ED0A-4A27-AA4E-F55180CC09E4}.DLL Release Non-FIPS|x64.ActiveCfg = DLL Release Non-FIPS|x64
		{55D84E24-ED0A-4A27-AA4E-F55180CC09E4}.DLL Release Non-FIPS|x64.Build.0 = DLL Release Non-FIPS|x64
		{55D84E24-ED0A-4A27-AA4E-F55180CC09E4}.DLL Release Non-FIPS|x86.ActiveCfg = DLL Release Non-FIPS|Win32
		{55D84E24-ED0A-4A27-AA4E-F55180CC09E4}.DLL Release Non-FIPS|x86.Build.0 = DLL Release Non-FIPS|Win32
		{55D84E24-ED0A-4A27-AA4E-F55180CC09E4}.Release FIPS 140-2|x64.ActiveCfg = Release FIPS 140-2|x64
		{55D84E24-ED0A-4A27-AA4E-F55180CC09E4}.Release FIPS 140-2|x64.Build.0 = Release FIPS 140-2|x64
		{55D84E24-ED0A-4A27-AA4E-F55180CC09E4}.Release FIPS 140-2|x86.ActiveCfg = Release FIPS 140-2|Win32
		{55D84E24-ED0A-4A27-AA4E-F55180CC09E4}.Release FIPS 140-2|x86.Build.0 = Release FIPS 140-2|Win32
		{55D84E24-ED0A-4A27-AA4E-F55180CC09E4}.Release FIPS Ready|x64.ActiveCfg = Release FIPS Ready|x64
		{55D84E24-ED0A-4A27-AA4E-F55180CC09E4}.Release FIPS Ready|x64.Build.0 = Release FIPS Ready|x64
		{55D84E24-ED0A-4A27-AA4E-F55180CC09E4}.Release FIPS Ready|x86.ActiveCfg = Release FIPS Ready|Win32
		{55D84E24-ED0A-4A27-AA4E-F55180CC09E4}.Release FIPS Ready|x86.Build.0 = Release FIPS Ready|Win32
		{55D84E24-ED0A-4A27-AA4E-F55180CC09E4}.Release Non-FIPS|x64.ActiveCfg = Release Non-FIPS|x64
		{55D84E24-ED0A-4A27-AA4E-F55180CC09E4}.Release Non-FIPS|x64.Build.0 = Release Non-FIPS|x64
		{55D84E24-ED0A-4A27-AA4E-F55180CC09E4}.Release Non-FIPS|x86.ActiveCfg = Release Non-FIPS|Win32
		{55D84E24-ED0A-4A27-AA4E-F55180CC09E4}.Release Non-FIPS|x86.Build.0 = Release Non-FIPS|Win32
		{02EE71CA-892B-479F-BC80-1641A81BF74E}.Debug FIPS 140-2|x64.ActiveCfg = Debug FIPS 140-2|x64
		{02EE71CA-892B-479F-BC80-1641A81BF74E}.Debug FIPS 140-2|x64.Build.0 = Debug FIPS 140-2|x64
		{02EE71CA-892B-479F-BC80-1641A81BF74E}.Debug FIPS 140-2|x86.ActiveCfg = Debug FIPS 140-2|Win32
		{02EE71CA-892B-479F-BC80-1641A81BF74E}.Debug FIPS Ready|x64.ActiveCfg = Debug FIPS Ready|x64
		{02EE71CA-892B-479F-BC80-1641A81BF74E}.Debug FIPS Ready|x64.Build.0 = Debug FIPS Ready|x64
		{02EE71CA-892B-479F-BC80-1641A81BF74E}.Debug FIPS Ready|x86.ActiveCfg = Debug FIPS Ready|Win32
		{02EE71CA-892B-479F-BC80-1641A81BF74E}.Debug FIPS Ready|x86.Build.0 = Debug FIPS Ready|Win32
		{02EE71CA-892B-479F-BC80-1641A81BF74E}.Debug Non-FIPS|x64.ActiveCfg = Debug Non-FIPS|x64
		{02EE71CA-892B-479F-BC80-1641A81BF74E}.Debug Non-FIPS|x64.Build.0 = Debug Non-FIPS|x64
		{02EE71CA-892B-479F-BC80-1641A81BF74E}.Debug Non-FIPS|x86.ActiveCfg = Debug Non-FIPS|Win32
		{02EE71CA-892B-479F-BC80-1641A81BF74E}.Debug Non-FIPS|x86.Build.0 = Debug Non-FIPS|Win32
		{02EE71CA-892B-479F-BC80-1641A81BF74E}.DLL Debug FIPS 140-2|x64.ActiveCfg = DLL Debug FIPS 140-2|x64
		{02EE71CA-892B-479F-BC80-1641A81BF74E}.DLL Debug FIPS 140-2|x64.Build.0 = DLL Debug FIPS 140-2|x64
		{02EE71CA-892B-479F-BC80-1641A81BF74E}.DLL Debug FIPS 140-2|x86.ActiveCfg = DLL Debug FIPS 140-2|Win32
		{02EE71CA-892B-479F-BC80-1641A81BF74E}.DLL Debug FIPS 140-2|x86.Build.0 = DLL Debug FIPS 140-2|Win32
		{02EE71CA-892B-479F-BC80-1641A81BF74E}.DLL Debug FIPS Ready|x64.ActiveCfg = DLL Debug FIPS Ready|x64
		{02EE71CA-892B-479F-BC80-1641A81BF74E}.DLL Debug FIPS Ready|x64.Build.0 = DLL Debug FIPS Ready|x64
		{02EE71CA-892B-479F-BC80-1641A81BF74E}.DLL Debug FIPS Ready|x86.ActiveCfg = DLL Debug FIPS Ready|Win32
		{02EE71CA-892B-479F-BC80-1641A81BF74E}.DLL Debug FIPS Ready|x86.Build.0 = DLL Debug FIPS Ready|Win32
		{02EE71CA-892B-479F-BC80-1641A81BF74E}.DLL Debug Non-FIPS|x64.ActiveCfg = DLL Debug Non-FIPS|x64
		{02EE71CA-892B-479F-BC80-1641A81BF74E}.DLL Debug Non-FIPS|x64.Build.0 = DLL Debug Non-FIPS|x64
		{02EE71CA-892B-479F-BC80-1641A81BF74E}.DLL Debug Non-FIPS|x86.ActiveCfg = DLL Debug Non-FIPS|Win32
		{02EE71CA-892B-479F-BC80-1641A81BF74E}.DLL Debug Non-FIPS|x86.Build.0 = DLL Debug Non-FIPS|Win32
		{02EE71CA-892B-479F-BC80-1641A81BF74E}.DLL Release FIPS 140-2|x64.ActiveCfg = DLL Release FIPS 140-2|x64
		{02EE71CA-892B-479F-BC80-1641A81BF74E}.DLL Release FIPS 140-2|x64.Build.0 = DLL Release FIPS 140-2|x64
		{02EE71CA-892B-479F-BC80-1641A81BF74E}.DLL Release FIPS 140-2|x86.ActiveCfg = DLL Release FIPS 140-2|Win32
		{02EE71CA-892B-479F-BC80-1641A81BF74E}.DLL Release FIPS 140-2|x86.Build.0 = DLL Release FIPS 140-2|Win32
		{02EE71CA-892B-479F-BC80-1641A81BF74E}.DLL Release FIPS Ready|x64.ActiveCfg = DLL Release FIPS Ready|x64
		{02EE71CA-892B-479F-BC80-1641A81BF74E}.DLL Release FIPS Ready|x64.Build.0 = DLL Release FIPS Ready|x64
		{02EE71CA-892B-479F-BC80-1641A81BF74E}.DLL Release FIPS Ready|x86.ActiveCfg = DLL Release FIPS Ready|Win32
		{02EE71CA-892B-479F-BC80-1641A81BF74E}.DLL Release FIPS Ready|x86.Build.0 = DLL Release FIPS Ready|Win32
		{02EE71CA-892B-479F-BC80-1641A81BF74E}.DLL Release Non-FIPS|x64.ActiveCfg = DLL Release Non-FIPS|x64
		{02EE71CA-892B-479F-BC80-1641A81BF74E}.DLL Release Non-FIPS|x64.Build.0 = DLL Release Non-FIPS|x64
		{02EE71CA-892B-479F-BC80-1641A81BF74E}.DLL Release Non-FIPS|x86.ActiveCfg = DLL Release Non-FIPS|Win32
		{02EE71CA-892B-479F-BC80-1641A81BF74E}.DLL Release Non-FIPS|x86.Build.0 = DLL Release Non-FIPS|Win32
		{02EE71CA-892B-479F-BC80-1641A81BF74E}.Release FIPS 140-2|x64.ActiveCfg = Release FIPS 140-2|x64
		{02EE71CA-892B-479F-BC80-1641A81BF74E}.Release FIPS 140-2|x64.Build.0 = Release FIPS 140-2|x64
		{02EE71CA-892B-479F-BC80-1641A81BF74E}.Release FIPS 140-2|x86.ActiveCfg = Release FIPS 140-2|Win32
		{02EE71CA-892B-479F-BC80-1641A81BF74E}.Release FIPS 140-2|x86.Build.0 = Release FIPS 140-2|Win32
		{02EE71CA-892B-479F-BC80-1641A81BF74E}.Release FIPS Ready|x64.ActiveCfg = Release FIPS Ready|x64
		{02EE71CA-892B-479F-BC80-1641A81BF74E}.Release FIPS Ready|x64.Build.0 = Release FIPS Ready|x64
		{02EE71CA-892B-479F-BC80-1641A81BF74E}.Release FIPS Ready|x86.ActiveCfg = Release FIPS Ready|Win32
		{02EE71CA-892B-479F-BC80-1641A81BF74E}.Release FIPS Ready|x86.Build.0 = Release FIPS Ready|Win32
		{02EE71CA-892B-479F-BC80-1641A81BF74E}.Release Non-FIPS|x64.ActiveCfg = Release Non-FIPS|x64
		{02EE71CA-892B-479F-BC80-1641A81BF74E}.Release Non-FIPS|x64.Build.0 = Release Non-FIPS|x64
		{02EE71CA-892B-479F-BC80-1641A81BF74E}.Release Non-FIPS|x86.ActiveCfg = Release Non-FIPS|Win32
		{02EE71CA-892B-479F-BC80-1641A81BF74E}.Release Non-FIPS|x86.Build.0 = Release Non-FIPS|Win32
	EndGlobalSection
	GlobalSection(SolutionProperties) = preSolution
		HideSolutionNode = FALSE
	EndGlobalSection
	GlobalSection(ExtensibilityGlobals) = postSolution
		SolutionGuid = {978414B3-D921-4E30-A6D6-7CA5F1469A28}
	EndGlobalSection
EndGlobal
